# ID registry lock — APPEND-ONLY.
#
# Every identifier ever issued by this corpus. `npm run validate` fails if any
# of these disappears from content/competence/taxonomy/domains/*.yaml, because a credential
# attesting an ID must resolve to the same element forever. Deprecate and
# supersede elements; never rename or delete them.
#
# Regenerate with: npm run registry:sync

ARC-0001
ARC-0002
ARC-0003
ARC-0004
BOK-0001
CM-01
CM-01-001
CM-01-002
CM-01-003
CM-01-004
CM-01-005
CM-01-006
CM-01-007
CM-01-008
CM-01-009
CM-01-010
CM-01-011
CM-01-012
CM-01-013
CM-01-014
CM-01-015
CM-01-016
CM-01-017
CM-01-018
CM-01-019
CM-01-020
CM-01-021
CM-01-022
CM-01-023
CM-01-024
CM-01-025
CM-01-026
CM-01-027
CM-01-028
CM-01-029
CM-01-030
CM-01-031
CM-01-032
CM-01-033
CM-01-034
CM-01-035
CM-01-036
CM-01-037
CM-01-038
CM-01-039
CM-01-040
CM-01-041
CM-01-042
CM-01-043
CM-01-044
CM-01-045
CM-01-046
CM-01-A01
CM-01-A02
CM-01-A03
CM-01-A04
CM-01-A05
CM-01-A06
CM-02
CM-02-001
CM-02-002
CM-02-003
CM-02-004
CM-02-005
CM-02-006
CM-02-007
CM-02-008
CM-02-009
CM-02-010
CM-02-011
CM-02-012
CM-02-013
CM-02-014
CM-02-015
CM-02-016
CM-02-017
CM-02-018
CM-02-019
CM-02-020
CM-02-021
CM-02-022
CM-02-023
CM-02-024
CM-02-025
CM-02-026
CM-02-027
CM-02-028
CM-02-029
CM-02-030
CM-02-031
CM-02-032
CM-02-033
CM-02-034
CM-02-035
CM-02-036
CM-02-037
CM-02-038
CM-02-039
CM-02-040
CM-02-041
CM-02-042
CM-02-043
CM-02-044
CM-02-045
CM-02-046
CM-02-A01
CM-02-A02
CM-02-A03
CM-02-A04
CM-02-A05
CM-02-A06
CM-03
CM-03-001
CM-03-002
CM-03-003
CM-03-004
CM-03-005
CM-03-006
CM-03-007
CM-03-008
CM-03-009
CM-03-010
CM-03-011
CM-03-012
CM-03-013
CM-03-014
CM-03-015
CM-03-016
CM-03-017
CM-03-018
CM-03-019
CM-03-020
CM-03-021
CM-03-022
CM-03-023
CM-03-024
CM-03-025
CM-03-026
CM-03-027
CM-03-028
CM-03-029
CM-03-030
CM-03-031
CM-03-032
CM-03-033
CM-03-034
CM-03-035
CM-03-036
CM-03-037
CM-03-038
CM-03-039
CM-03-040
CM-03-041
CM-03-042
CM-03-043
CM-03-044
CM-03-045
CM-03-046
CM-03-047
CM-03-048
CM-03-049
CM-03-050
CM-03-051
CM-03-052
CM-03-053
CM-03-054
CM-03-055
CM-03-056
CM-03-057
CM-03-058
CM-03-059
CM-03-060
CM-03-061
CM-03-062
CM-03-063
CM-03-064
CM-03-065
CM-03-066
CM-03-067
CM-03-068
CM-03-069
CM-03-070
CM-03-071
CM-03-072
CM-03-073
CM-03-074
CM-03-075
CM-03-076
CM-03-077
CM-03-078
CM-03-079
CM-03-080
CM-03-081
CM-03-082
CM-03-083
CM-03-084
CM-03-085
CM-03-086
CM-03-087
CM-03-088
CM-03-089
CM-03-090
CM-03-091
CM-03-092
CM-03-093
CM-03-094
CM-03-095
CM-03-096
CM-03-097
CM-03-098
CM-03-099
CM-03-100
CM-03-101
CM-03-102
CM-03-103
CM-03-104
CM-03-A01
CM-03-A02
CM-03-A03
CM-03-A04
CM-03-A05
CM-03-A06
CM-03-A07
CM-03-A08
CM-03-A09
CM-03-A10
CM-04
CM-04-001
CM-04-002
CM-04-003
CM-04-004
CM-04-005
CM-04-006
CM-04-007
CM-04-008
CM-04-009
CM-04-010
CM-04-011
CM-04-012
CM-04-013
CM-04-014
CM-04-015
CM-04-016
CM-04-017
CM-04-018
CM-04-019
CM-04-020
CM-04-021
CM-04-022
CM-04-023
CM-04-024
CM-04-025
CM-04-026
CM-04-027
CM-04-028
CM-04-029
CM-04-030
CM-04-031
CM-04-032
CM-04-033
CM-04-034
CM-04-035
CM-04-036
CM-04-037
CM-04-038
CM-04-039
CM-04-040
CM-04-041
CM-04-042
CM-04-043
CM-04-044
CM-04-045
CM-04-046
CM-04-047
CM-04-048
CM-04-049
CM-04-A01
CM-04-A02
CM-04-A03
CM-04-A04
CM-04-A05
CM-04-A06
CM-05
CM-05-001
CM-05-002
CM-05-003
CM-05-004
CM-05-005
CM-05-006
CM-05-007
CM-05-008
CM-05-009
CM-05-010
CM-05-011
CM-05-012
CM-05-013
CM-05-014
CM-05-015
CM-05-016
CM-05-017
CM-05-018
CM-05-019
CM-05-020
CM-05-021
CM-05-022
CM-05-023
CM-05-024
CM-05-025
CM-05-026
CM-05-027
CM-05-028
CM-05-029
CM-05-030
CM-05-031
CM-05-032
CM-05-033
CM-05-034
CM-05-035
CM-05-036
CM-05-037
CM-05-038
CM-05-039
CM-05-040
CM-05-041
CM-05-042
CM-05-043
CM-05-044
CM-05-045
CM-05-046
CM-05-047
CM-05-048
CM-05-049
CM-05-050
CM-05-051
CM-05-052
CM-05-053
CM-05-054
CM-05-055
CM-05-056
CM-05-057
CM-05-058
CM-05-059
CM-05-060
CM-05-061
CM-05-062
CM-05-063
CM-05-064
CM-05-065
CM-05-066
CM-05-067
CM-05-068
CM-05-069
CM-05-070
CM-05-071
CM-05-072
CM-05-073
CM-05-074
CM-05-075
CM-05-076
CM-05-077
CM-05-078
CM-05-079
CM-05-080
CM-05-081
CM-05-082
CM-05-083
CM-05-084
CM-05-085
CM-05-086
CM-05-087
CM-05-088
CM-05-089
CM-05-A01
CM-05-A02
CM-05-A03
CM-05-A04
CM-05-A05
CM-05-A06
CM-05-A07
CM-05-A08
CM-05-A09
CM-05-A10
CM-05-A11
CM-06
CM-06-001
CM-06-002
CM-06-003
CM-06-004
CM-06-005
CM-06-006
CM-06-007
CM-06-008
CM-06-009
CM-06-010
CM-06-011
CM-06-012
CM-06-013
CM-06-014
CM-06-015
CM-06-016
CM-06-017
CM-06-018
CM-06-019
CM-06-020
CM-06-021
CM-06-022
CM-06-023
CM-06-024
CM-06-025
CM-06-026
CM-06-027
CM-06-028
CM-06-029
CM-06-030
CM-06-031
CM-06-032
CM-06-033
CM-06-034
CM-06-035
CM-06-036
CM-06-037
CM-06-038
CM-06-039
CM-06-040
CM-06-041
CM-06-042
CM-06-043
CM-06-044
CM-06-045
CM-06-046
CM-06-047
CM-06-048
CM-06-049
CM-06-050
CM-06-051
CM-06-052
CM-06-053
CM-06-054
CM-06-055
CM-06-056
CM-06-057
CM-06-058
CM-06-059
CM-06-060
CM-06-061
CM-06-062
CM-06-063
CM-06-064
CM-06-065
CM-06-066
CM-06-067
CM-06-068
CM-06-069
CM-06-070
CM-06-071
CM-06-072
CM-06-073
CM-06-A01
CM-06-A02
CM-06-A03
CM-06-A04
CM-06-A05
CM-06-A06
CM-06-A07
CM-06-A08
CM-06-A09
CM-07
CM-07-001
CM-07-002
CM-07-003
CM-07-004
CM-07-005
CM-07-006
CM-07-007
CM-07-008
CM-07-009
CM-07-010
CM-07-011
CM-07-012
CM-07-013
CM-07-014
CM-07-015
CM-07-016
CM-07-017
CM-07-018
CM-07-019
CM-07-020
CM-07-021
CM-07-022
CM-07-023
CM-07-024
CM-07-025
CM-07-026
CM-07-027
CM-07-028
CM-07-029
CM-07-030
CM-07-031
CM-07-032
CM-07-033
CM-07-034
CM-07-035
CM-07-036
CM-07-037
CM-07-038
CM-07-039
CM-07-040
CM-07-041
CM-07-042
CM-07-043
CM-07-044
CM-07-045
CM-07-046
CM-07-047
CM-07-048
CM-07-049
CM-07-050
CM-07-051
CM-07-052
CM-07-053
CM-07-054
CM-07-055
CM-07-056
CM-07-A01
CM-07-A02
CM-07-A03
CM-07-A04
CM-07-A05
CM-07-A06
CM-07-A07
CM-08
CM-08-001
CM-08-002
CM-08-003
CM-08-004
CM-08-005
CM-08-006
CM-08-007
CM-08-008
CM-08-009
CM-08-010
CM-08-011
CM-08-012
CM-08-013
CM-08-014
CM-08-015
CM-08-016
CM-08-017
CM-08-018
CM-08-019
CM-08-020
CM-08-021
CM-08-022
CM-08-023
CM-08-024
CM-08-025
CM-08-026
CM-08-027
CM-08-028
CM-08-029
CM-08-030
CM-08-031
CM-08-032
CM-08-033
CM-08-034
CM-08-035
CM-08-036
CM-08-037
CM-08-038
CM-08-039
CM-08-040
CM-08-041
CM-08-042
CM-08-043
CM-08-044
CM-08-045
CM-08-046
CM-08-A01
CM-08-A02
CM-08-A03
CM-08-A04
CM-08-A05
CM-08-A06
CM-09
CM-09-001
CM-09-002
CM-09-003
CM-09-004
CM-09-005
CM-09-006
CM-09-007
CM-09-008
CM-09-009
CM-09-010
CM-09-011
CM-09-012
CM-09-013
CM-09-014
CM-09-015
CM-09-016
CM-09-017
CM-09-018
CM-09-019
CM-09-020
CM-09-021
CM-09-022
CM-09-023
CM-09-024
CM-09-025
CM-09-026
CM-09-027
CM-09-028
CM-09-029
CM-09-030
CM-09-031
CM-09-032
CM-09-033
CM-09-034
CM-09-035
CM-09-036
CM-09-037
CM-09-038
CM-09-A01
CM-09-A02
CM-09-A03
CM-09-A04
CM-09-A05
CM-10
CM-10-001
CM-10-002
CM-10-003
CM-10-004
CM-10-005
CM-10-006
CM-10-007
CM-10-008
CM-10-009
CM-10-010
CM-10-011
CM-10-012
CM-10-013
CM-10-014
CM-10-015
CM-10-016
CM-10-017
CM-10-018
CM-10-019
CM-10-020
CM-10-021
CM-10-022
CM-10-023
CM-10-024
CM-10-025
CM-10-026
CM-10-027
CM-10-028
CM-10-029
CM-10-030
CM-10-031
CM-10-032
CM-10-033
CM-10-034
CM-10-035
CM-10-036
CM-10-037
CM-10-038
CM-10-039
CM-10-040
CM-10-041
CM-10-042
CM-10-043
CM-10-044
CM-10-045
CM-10-046
CM-10-047
CM-10-048
CM-10-049
CM-10-050
CM-10-051
CM-10-052
CM-10-053
CM-10-054
CM-10-055
CM-10-A01
CM-10-A02
CM-10-A03
CM-10-A04
CM-10-A05
CM-10-A06
CM-11
CM-11-001
CM-11-002
CM-11-003
CM-11-004
CM-11-005
CM-11-006
CM-11-007
CM-11-008
CM-11-009
CM-11-010
CM-11-011
CM-11-012
CM-11-013
CM-11-014
CM-11-015
CM-11-016
CM-11-017
CM-11-018
CM-11-019
CM-11-020
CM-11-021
CM-11-022
CM-11-023
CM-11-024
CM-11-025
CM-11-026
CM-11-027
CM-11-028
CM-11-029
CM-11-030
CM-11-031
CM-11-032
CM-11-033
CM-11-034
CM-11-035
CM-11-036
CM-11-037
CM-11-038
CM-11-039
CM-11-040
CM-11-041
CM-11-042
CM-11-043
CM-11-044
CM-11-045
CM-11-046
CM-11-047
CM-11-048
CM-11-A01
CM-11-A02
CM-11-A03
CM-11-A04
CM-11-A05
CM-11-A06
CM-12
CM-12-001
CM-12-002
CM-12-003
CM-12-004
CM-12-005
CM-12-006
CM-12-007
CM-12-008
CM-12-009
CM-12-010
CM-12-011
CM-12-012
CM-12-013
CM-12-014
CM-12-015
CM-12-016
CM-12-017
CM-12-018
CM-12-019
CM-12-020
CM-12-021
CM-12-022
CM-12-023
CM-12-024
CM-12-025
CM-12-026
CM-12-027
CM-12-028
CM-12-029
CM-12-030
CM-12-031
CM-12-032
CM-12-033
CM-12-034
CM-12-035
CM-12-036
CM-12-037
CM-12-038
CM-12-039
CM-12-040
CM-12-041
CM-12-A01
CM-12-A02
CM-12-A03
CM-12-A04
CM-12-A05
CM-13
CM-13-001
CM-13-002
CM-13-003
CM-13-004
CM-13-005
CM-13-006
CM-13-007
CM-13-008
CM-13-009
CM-13-010
CM-13-011
CM-13-012
CM-13-013
CM-13-014
CM-13-015
CM-13-016
CM-13-017
CM-13-018
CM-13-019
CM-13-020
CM-13-021
CM-13-022
CM-13-023
CM-13-024
CM-13-025
CM-13-026
CM-13-027
CM-13-028
CM-13-029
CM-13-030
CM-13-031
CM-13-032
CM-13-033
CM-13-034
CM-13-035
CM-13-036
CM-13-037
CM-13-038
CM-13-039
CM-13-040
CM-13-041
CM-13-042
CM-13-043
CM-13-044
CM-13-045
CM-13-046
CM-13-047
CM-13-048
CM-13-049
CM-13-050
CM-13-051
CM-13-052
CM-13-053
CM-13-054
CM-13-A01
CM-13-A02
CM-13-A03
CM-13-A04
CM-13-A05
CM-13-A06
CM-14
CM-14-001
CM-14-002
CM-14-003
CM-14-004
CM-14-005
CM-14-006
CM-14-007
CM-14-008
CM-14-009
CM-14-010
CM-14-011
CM-14-012
CM-14-013
CM-14-014
CM-14-015
CM-14-016
CM-14-017
CM-14-018
CM-14-019
CM-14-020
CM-14-021
CM-14-022
CM-14-023
CM-14-024
CM-14-025
CM-14-026
CM-14-027
CM-14-028
CM-14-029
CM-14-030
CM-14-031
CM-14-032
CM-14-033
CM-14-034
CM-14-035
CM-14-036
CM-14-037
CM-14-038
CM-14-039
CM-14-040
CM-14-041
CM-14-042
CM-14-043
CM-14-044
CM-14-045
CM-14-046
CM-14-047
CM-14-048
CM-14-049
CM-14-050
CM-14-051
CM-14-052
CM-14-053
CM-14-A01
CM-14-A02
CM-14-A03
CM-14-A04
CM-14-A05
CM-14-A06
CM-15
CM-15-001
CM-15-002
CM-15-003
CM-15-004
CM-15-005
CM-15-006
CM-15-007
CM-15-008
CM-15-009
CM-15-010
CM-15-011
CM-15-012
CM-15-013
CM-15-014
CM-15-015
CM-15-016
CM-15-017
CM-15-018
CM-15-019
CM-15-020
CM-15-021
CM-15-022
CM-15-023
CM-15-024
CM-15-025
CM-15-026
CM-15-027
CM-15-028
CM-15-029
CM-15-030
CM-15-031
CM-15-032
CM-15-033
CM-15-034
CM-15-035
CM-15-036
CM-15-037
CM-15-038
CM-15-039
CM-15-040
CM-15-041
CM-15-042
CM-15-043
CM-15-044
CM-15-045
CM-15-A01
CM-15-A02
CM-15-A03
CM-15-A04
CM-15-A05
CM-15-A06
CM-16
CM-16-001
CM-16-002
CM-16-003
CM-16-004
CM-16-005
CM-16-006
CM-16-007
CM-16-008
CM-16-009
CM-16-010
CM-16-011
CM-16-012
CM-16-013
CM-16-014
CM-16-015
CM-16-016
CM-16-017
CM-16-018
CM-16-019
CM-16-020
CM-16-021
CM-16-022
CM-16-023
CM-16-024
CM-16-025
CM-16-026
CM-16-027
CM-16-028
CM-16-029
CM-16-030
CM-16-031
CM-16-032
CM-16-033
CM-16-034
CM-16-035
CM-16-036
CM-16-037
CM-16-A01
CM-16-A02
CM-16-A03
CM-16-A04
CM-16-A05
CM-17
CM-17-001
CM-17-002
CM-17-003
CM-17-004
CM-17-005
CM-17-006
CM-17-007
CM-17-008
CM-17-009
CM-17-010
CM-17-011
CM-17-012
CM-17-013
CM-17-014
CM-17-015
CM-17-016
CM-17-017
CM-17-018
CM-17-019
CM-17-020
CM-17-021
CM-17-022
CM-17-023
CM-17-024
CM-17-025
CM-17-026
CM-17-027
CM-17-028
CM-17-029
CM-17-030
CM-17-031
CM-17-032
CM-17-033
CM-17-034
CM-17-035
CM-17-036
CM-17-037
CM-17-038
CM-17-039
CM-17-A01
CM-17-A02
CM-17-A03
CM-17-A04
CM-17-A05
CM-18
CM-18-001
CM-18-002
CM-18-003
CM-18-004
CM-18-005
CM-18-006
CM-18-007
CM-18-008
CM-18-009
CM-18-010
CM-18-011
CM-18-012
CM-18-013
CM-18-014
CM-18-015
CM-18-016
CM-18-017
CM-18-018
CM-18-019
CM-18-020
CM-18-021
CM-18-022
CM-18-023
CM-18-024
CM-18-025
CM-18-026
CM-18-027
CM-18-028
CM-18-029
CM-18-030
CM-18-031
CM-18-032
CM-18-033
CM-18-034
CM-18-035
CM-18-036
CM-18-037
CM-18-038
CM-18-039
CM-18-040
CM-18-041
CM-18-042
CM-18-043
CM-18-044
CM-18-045
CM-18-046
CM-18-A01
CM-18-A02
CM-18-A03
CM-18-A04
CM-18-A05
CM-18-A06
CM-19
CM-19-001
CM-19-002
CM-19-003
CM-19-004
CM-19-005
CM-19-006
CM-19-007
CM-19-008
CM-19-009
CM-19-010
CM-19-011
CM-19-012
CM-19-013
CM-19-014
CM-19-015
CM-19-016
CM-19-017
CM-19-018
CM-19-019
CM-19-020
CM-19-021
CM-19-022
CM-19-023
CM-19-024
CM-19-025
CM-19-026
CM-19-027
CM-19-028
CM-19-029
CM-19-030
CM-19-031
CM-19-032
CM-19-033
CM-19-034
CM-19-035
CM-19-036
CM-19-037
CM-19-038
CM-19-039
CM-19-040
CM-19-041
CM-19-042
CM-19-043
CM-19-044
CM-19-045
CM-19-046
CM-19-047
CM-19-048
CM-19-A01
CM-19-A02
CM-19-A03
CM-19-A04
CM-19-A05
CM-19-A06
CM-20
CM-20-001
CM-20-002
CM-20-003
CM-20-004
CM-20-005
CM-20-006
CM-20-007
CM-20-008
CM-20-009
CM-20-010
CM-20-011
CM-20-012
CM-20-013
CM-20-014
CM-20-015
CM-20-016
CM-20-017
CM-20-018
CM-20-019
CM-20-020
CM-20-021
CM-20-022
CM-20-023
CM-20-024
CM-20-025
CM-20-026
CM-20-027
CM-20-028
CM-20-029
CM-20-030
CM-20-031
CM-20-032
CM-20-033
CM-20-034
CM-20-035
CM-20-A01
CM-20-A02
CM-20-A03
CM-20-A04
CM-20-A05
CM-21
CM-21-001
CM-21-002
CM-21-003
CM-21-004
CM-21-005
CM-21-006
CM-21-007
CM-21-008
CM-21-009
CM-21-010
CM-21-011
CM-21-012
CM-21-013
CM-21-014
CM-21-015
CM-21-016
CM-21-017
CM-21-018
CM-21-019
CM-21-020
CM-21-021
CM-21-022
CM-21-023
CM-21-024
CM-21-025
CM-21-026
CM-21-027
CM-21-028
CM-21-029
CM-21-030
CM-21-031
CM-21-032
CM-21-033
CM-21-034
CM-21-035
CM-21-036
CM-21-037
CM-21-038
CM-21-039
CM-21-040
CM-21-041
CM-21-042
CM-21-043
CM-21-044
CM-21-045
CM-21-046
CM-21-047
CM-21-048
CM-21-049
CM-21-050
CM-21-051
CM-21-052
CM-21-053
CM-21-054
CM-21-055
CM-21-056
CM-21-057
CM-21-058
CM-21-059
CM-21-A01
CM-21-A02
CM-21-A03
CM-21-A04
CM-21-A05
CM-21-A06
CM-21-A07
CM-22
CM-22-001
CM-22-002
CM-22-003
CM-22-004
CM-22-005
CM-22-006
CM-22-007
CM-22-008
CM-22-009
CM-22-010
CM-22-011
CM-22-012
CM-22-013
CM-22-014
CM-22-015
CM-22-016
CM-22-017
CM-22-018
CM-22-019
CM-22-020
CM-22-021
CM-22-022
CM-22-023
CM-22-024
CM-22-025
CM-22-026
CM-22-027
CM-22-028
CM-22-029
CM-22-030
CM-22-031
CM-22-032
CM-22-033
CM-22-034
CM-22-035
CM-22-036
CM-22-037
CM-22-038
CM-22-039
CM-22-040
CM-22-A01
CM-22-A02
CM-22-A03
CM-22-A04
CM-22-A05
DP-01
DP-01-001
DP-01-002
DP-01-003
DP-01-004
DP-01-005
DP-01-006
DP-01-007
DP-01-008
DP-01-009
DP-01-010
DP-01-011
DP-01-012
DP-01-013
DP-01-014
DP-01-015
DP-01-016
DP-01-017
DP-01-018
DP-01-019
DP-01-020
DP-01-021
DP-01-022
DP-01-023
DP-01-024
DP-01-025
DP-01-026
DP-01-027
DP-01-028
DP-01-029
DP-01-030
DP-01-031
DP-01-032
DP-01-033
DP-01-034
DP-01-035
DP-01-036
DP-01-037
DP-01-038
DP-01-039
DP-01-040
DP-01-041
DP-01-042
DP-01-043
DP-01-044
DP-01-045
DP-01-046
DP-01-047
DP-01-048
DP-01-049
DP-01-050
DP-01-051
DP-01-052
DP-01-053
DP-01-054
DP-01-055
DP-01-056
DP-01-057
DP-01-058
DP-01-059
DP-01-060
DP-01-061
DP-01-062
DP-01-063
DP-01-064
DP-01-065
DP-01-066
DP-01-067
DP-01-068
DP-01-069
DP-01-070
DP-01-071
DP-01-072
DP-01-073
DP-01-074
DP-01-075
DP-01-076
DP-01-077
DP-01-078
DP-01-079
DP-01-080
DP-01-081
DP-01-082
DP-01-083
DP-01-084
DP-01-085
DP-01-086
DP-01-087
DP-01-088
DP-01-089
DP-01-090
DP-01-091
DP-01-092
DP-01-093
DP-01-094
DP-01-A01
DP-01-A02
DP-01-A03
DP-01-A04
DP-01-A05
DP-01-A06
DP-01-A07
DP-01-A08
DP-02
DP-02-001
DP-02-002
DP-02-003
DP-02-004
DP-02-005
DP-02-006
DP-02-007
DP-02-008
DP-02-009
DP-02-010
DP-02-011
DP-02-012
DP-02-013
DP-02-014
DP-02-015
DP-02-016
DP-02-017
DP-02-018
DP-02-019
DP-02-020
DP-02-021
DP-02-022
DP-02-023
DP-02-024
DP-02-025
DP-02-026
DP-02-027
DP-02-028
DP-02-029
DP-02-030
DP-02-031
DP-02-032
DP-02-033
DP-02-034
DP-02-035
DP-02-036
DP-02-037
DP-02-038
DP-02-039
DP-02-040
DP-02-041
DP-02-042
DP-02-043
DP-02-044
DP-02-045
DP-02-046
DP-02-047
DP-02-048
DP-02-049
DP-02-050
DP-02-051
DP-02-052
DP-02-053
DP-02-054
DP-02-055
DP-02-056
DP-02-057
DP-02-058
DP-02-059
DP-02-060
DP-02-061
DP-02-062
DP-02-063
DP-02-064
DP-02-A01
DP-02-A02
DP-02-A03
DP-02-A04
DP-02-A05
DP-02-A06
DP-03
DP-03-001
DP-03-002
DP-03-003
DP-03-004
DP-03-005
DP-03-006
DP-03-007
DP-03-008
DP-03-009
DP-03-010
DP-03-011
DP-03-012
DP-03-013
DP-03-014
DP-03-015
DP-03-016
DP-03-017
DP-03-018
DP-03-019
DP-03-020
DP-03-021
DP-03-022
DP-03-023
DP-03-024
DP-03-025
DP-03-026
DP-03-027
DP-03-028
DP-03-029
DP-03-030
DP-03-031
DP-03-032
DP-03-033
DP-03-034
DP-03-035
DP-03-036
DP-03-037
DP-03-038
DP-03-039
DP-03-040
DP-03-041
DP-03-042
DP-03-043
DP-03-044
DP-03-045
DP-03-046
DP-03-047
DP-03-048
DP-03-049
DP-03-050
DP-03-051
DP-03-052
DP-03-053
DP-03-054
DP-03-055
DP-03-056
DP-03-057
DP-03-A01
DP-03-A02
DP-03-A03
DP-03-A04
DP-03-A05
DP-03-A06
DP-04
DP-04-001
DP-04-002
DP-04-003
DP-04-004
DP-04-005
DP-04-006
DP-04-007
DP-04-008
DP-04-009
DP-04-010
DP-04-011
DP-04-012
DP-04-013
DP-04-014
DP-04-015
DP-04-016
DP-04-017
DP-04-018
DP-04-019
DP-04-020
DP-04-021
DP-04-022
DP-04-023
DP-04-024
DP-04-025
DP-04-026
DP-04-027
DP-04-028
DP-04-029
DP-04-030
DP-04-031
DP-04-032
DP-04-033
DP-04-034
DP-04-035
DP-04-036
DP-04-037
DP-04-038
DP-04-039
DP-04-040
DP-04-041
DP-04-042
DP-04-043
DP-04-044
DP-04-045
DP-04-046
DP-04-047
DP-04-048
DP-04-A01
DP-04-A02
DP-04-A03
DP-04-A04
DP-04-A05
DP-05
DP-05-001
DP-05-002
DP-05-003
DP-05-004
DP-05-005
DP-05-006
DP-05-007
DP-05-008
DP-05-009
DP-05-010
DP-05-011
DP-05-012
DP-05-013
DP-05-014
DP-05-015
DP-05-016
DP-05-017
DP-05-018
DP-05-019
DP-05-020
DP-05-021
DP-05-022
DP-05-023
DP-05-024
DP-05-025
DP-05-026
DP-05-027
DP-05-028
DP-05-029
DP-05-030
DP-05-031
DP-05-032
DP-05-033
DP-05-034
DP-05-035
DP-05-036
DP-05-037
DP-05-038
DP-05-039
DP-05-040
DP-05-041
DP-05-042
DP-05-043
DP-05-044
DP-05-045
DP-05-046
DP-05-047
DP-05-048
DP-05-049
DP-05-050
DP-05-051
DP-05-052
DP-05-053
DP-05-054
DP-05-A01
DP-05-A02
DP-05-A03
DP-05-A04
DP-05-A05
DP-06
DP-06-001
DP-06-002
DP-06-003
DP-06-004
DP-06-005
DP-06-006
DP-06-007
DP-06-008
DP-06-009
DP-06-010
DP-06-011
DP-06-012
DP-06-013
DP-06-014
DP-06-015
DP-06-016
DP-06-017
DP-06-018
DP-06-019
DP-06-020
DP-06-021
DP-06-022
DP-06-023
DP-06-024
DP-06-025
DP-06-026
DP-06-027
DP-06-028
DP-06-029
DP-06-030
DP-06-031
DP-06-032
DP-06-033
DP-06-034
DP-06-035
DP-06-036
DP-06-037
DP-06-A01
DP-06-A02
DP-06-A03
DP-06-A04
DP-06-A05
DP-07
DP-07-001
DP-07-002
DP-07-003
DP-07-004
DP-07-005
DP-07-006
DP-07-007
DP-07-008
DP-07-009
DP-07-010
DP-07-011
DP-07-012
DP-07-013
DP-07-014
DP-07-015
DP-07-016
DP-07-017
DP-07-018
DP-07-019
DP-07-020
DP-07-021
DP-07-022
DP-07-023
DP-07-024
DP-07-025
DP-07-026
DP-07-027
DP-07-028
DP-07-029
DP-07-030
DP-07-031
DP-07-032
DP-07-033
DP-07-034
DP-07-035
DP-07-036
DP-07-037
DP-07-038
DP-07-039
DP-07-040
DP-07-041
DP-07-042
DP-07-043
DP-07-044
DP-07-045
DP-07-046
DP-07-047
DP-07-048
DP-07-A01
DP-07-A02
DP-07-A03
DP-07-A04
DP-07-A05
DP-08
DP-08-001
DP-08-002
DP-08-003
DP-08-004
DP-08-005
DP-08-006
DP-08-007
DP-08-008
DP-08-009
DP-08-010
DP-08-011
DP-08-012
DP-08-013
DP-08-014
DP-08-015
DP-08-016
DP-08-017
DP-08-018
DP-08-019
DP-08-020
DP-08-021
DP-08-022
DP-08-023
DP-08-024
DP-08-025
DP-08-026
DP-08-027
DP-08-028
DP-08-029
DP-08-030
DP-08-031
DP-08-032
DP-08-033
DP-08-034
DP-08-035
DP-08-036
DP-08-037
DP-08-038
DP-08-039
DP-08-040
DP-08-041
DP-08-042
DP-08-043
DP-08-044
DP-08-045
DP-08-046
DP-08-047
DP-08-048
DP-08-049
DP-08-050
DP-08-051
DP-08-052
DP-08-053
DP-08-054
DP-08-055
DP-08-056
DP-08-057
DP-08-058
DP-08-059
DP-08-060
DP-08-061
DP-08-062
DP-08-063
DP-08-064
DP-08-065
DP-08-A01
DP-08-A02
DP-08-A03
DP-08-A04
DP-08-A05
DP-08-A06
DP-08-A07
DP-09
DP-09-001
DP-09-002
DP-09-003
DP-09-004
DP-09-005
DP-09-006
DP-09-007
DP-09-008
DP-09-009
DP-09-010
DP-09-011
DP-09-012
DP-09-013
DP-09-014
DP-09-015
DP-09-016
DP-09-017
DP-09-018
DP-09-019
DP-09-020
DP-09-021
DP-09-022
DP-09-023
DP-09-024
DP-09-025
DP-09-026
DP-09-027
DP-09-028
DP-09-029
DP-09-030
DP-09-031
DP-09-032
DP-09-033
DP-09-034
DP-09-035
DP-09-036
DP-09-037
DP-09-038
DP-09-039
DP-09-040
DP-09-041
DP-09-042
DP-09-043
DP-09-044
DP-09-045
DP-09-046
DP-09-047
DP-09-048
DP-09-A01
DP-09-A02
DP-09-A03
DP-09-A04
DP-09-A05
DP-10
DP-10-001
DP-10-002
DP-10-003
DP-10-004
DP-10-005
DP-10-006
DP-10-007
DP-10-008
DP-10-009
DP-10-010
DP-10-011
DP-10-012
DP-10-013
DP-10-014
DP-10-015
DP-10-016
DP-10-017
DP-10-018
DP-10-019
DP-10-020
DP-10-021
DP-10-022
DP-10-023
DP-10-024
DP-10-025
DP-10-026
DP-10-027
DP-10-028
DP-10-029
DP-10-030
DP-10-031
DP-10-032
DP-10-033
DP-10-034
DP-10-035
DP-10-036
DP-10-037
DP-10-038
DP-10-039
DP-10-040
DP-10-041
DP-10-042
DP-10-043
DP-10-044
DP-10-045
DP-10-046
DP-10-047
DP-10-048
DP-10-049
DP-10-050
DP-10-051
DP-10-052
DP-10-053
DP-10-054
DP-10-055
DP-10-056
DP-10-057
DP-10-A01
DP-10-A02
DP-10-A03
DP-10-A04
DP-10-A05
DP-10-A06
DP-11
DP-11-001
DP-11-002
DP-11-003
DP-11-004
DP-11-005
DP-11-006
DP-11-007
DP-11-008
DP-11-009
DP-11-010
DP-11-011
DP-11-012
DP-11-013
DP-11-014
DP-11-015
DP-11-016
DP-11-017
DP-11-018
DP-11-019
DP-11-020
DP-11-021
DP-11-022
DP-11-023
DP-11-024
DP-11-025
DP-11-026
DP-11-027
DP-11-028
DP-11-029
DP-11-030
DP-11-031
DP-11-032
DP-11-033
DP-11-034
DP-11-035
DP-11-036
DP-11-037
DP-11-038
DP-11-039
DP-11-040
DP-11-041
DP-11-A01
DP-11-A02
DP-11-A03
DP-11-A04
DP-11-A05
DP-12
DP-12-001
DP-12-002
DP-12-003
DP-12-004
DP-12-005
DP-12-006
DP-12-007
DP-12-008
DP-12-009
DP-12-010
DP-12-011
DP-12-012
DP-12-013
DP-12-014
DP-12-015
DP-12-016
DP-12-017
DP-12-018
DP-12-019
DP-12-020
DP-12-021
DP-12-022
DP-12-023
DP-12-024
DP-12-025
DP-12-026
DP-12-027
DP-12-028
DP-12-029
DP-12-030
DP-12-031
DP-12-032
DP-12-033
DP-12-034
DP-12-035
DP-12-036
DP-12-037
DP-12-038
DP-12-039
DP-12-040
DP-12-041
DP-12-042
DP-12-043
DP-12-044
DP-12-045
DP-12-046
DP-12-047
DP-12-048
DP-12-A01
DP-12-A02
DP-12-A03
DP-12-A04
DP-12-A05
DP-13
DP-13-001
DP-13-002
DP-13-003
DP-13-004
DP-13-005
DP-13-006
DP-13-007
DP-13-008
DP-13-009
DP-13-010
DP-13-011
DP-13-012
DP-13-013
DP-13-014
DP-13-015
DP-13-016
DP-13-017
DP-13-018
DP-13-019
DP-13-020
DP-13-021
DP-13-022
DP-13-023
DP-13-024
DP-13-025
DP-13-026
DP-13-027
DP-13-028
DP-13-029
DP-13-030
DP-13-031
DP-13-032
DP-13-033
DP-13-034
DP-13-035
DP-13-036
DP-13-037
DP-13-038
DP-13-039
DP-13-040
DP-13-041
DP-13-042
DP-13-043
DP-13-044
DP-13-045
DP-13-046
DP-13-047
DP-13-048
DP-13-A01
DP-13-A02
DP-13-A03
DP-13-A04
DP-13-A05
DP-13-A06
DP-14
DP-14-001
DP-14-002
DP-14-003
DP-14-004
DP-14-005
DP-14-006
DP-14-007
DP-14-008
DP-14-009
DP-14-010
DP-14-011
DP-14-012
DP-14-013
DP-14-014
DP-14-015
DP-14-016
DP-14-017
DP-14-018
DP-14-019
DP-14-020
DP-14-021
DP-14-022
DP-14-023
DP-14-024
DP-14-025
DP-14-026
DP-14-027
DP-14-028
DP-14-029
DP-14-030
DP-14-031
DP-14-032
DP-14-033
DP-14-034
DP-14-035
DP-14-036
DP-14-037
DP-14-038
DP-14-039
DP-14-040
DP-14-041
DP-14-042
DP-14-043
DP-14-044
DP-14-045
DP-14-046
DP-14-047
DP-14-048
DP-14-A01
DP-14-A02
DP-14-A03
DP-14-A04
DP-14-A05
DP-14-A06
DP-15
DP-15-001
DP-15-002
DP-15-003
DP-15-004
DP-15-005
DP-15-006
DP-15-007
DP-15-008
DP-15-009
DP-15-010
DP-15-011
DP-15-012
DP-15-013
DP-15-014
DP-15-015
DP-15-016
DP-15-017
DP-15-018
DP-15-019
DP-15-020
DP-15-021
DP-15-022
DP-15-023
DP-15-024
DP-15-025
DP-15-026
DP-15-027
DP-15-028
DP-15-029
DP-15-030
DP-15-031
DP-15-032
DP-15-033
DP-15-034
DP-15-035
DP-15-036
DP-15-037
DP-15-038
DP-15-039
DP-15-040
DP-15-041
DP-15-042
DP-15-043
DP-15-044
DP-15-045
DP-15-046
DP-15-047
DP-15-A01
DP-15-A02
DP-15-A03
DP-15-A04
DP-15-A05
DP-16
DP-16-001
DP-16-002
DP-16-003
DP-16-004
DP-16-005
DP-16-006
DP-16-007
DP-16-008
DP-16-009
DP-16-010
DP-16-011
DP-16-012
DP-16-013
DP-16-014
DP-16-015
DP-16-016
DP-16-017
DP-16-018
DP-16-019
DP-16-020
DP-16-021
DP-16-022
DP-16-023
DP-16-024
DP-16-025
DP-16-026
DP-16-027
DP-16-028
DP-16-029
DP-16-030
DP-16-031
DP-16-032
DP-16-033
DP-16-034
DP-16-035
DP-16-036
DP-16-037
DP-16-038
DP-16-039
DP-16-040
DP-16-041
DP-16-042
DP-16-043
DP-16-044
DP-16-045
DP-16-046
DP-16-047
DP-16-048
DP-16-049
DP-16-050
DP-16-051
DP-16-052
DP-16-053
DP-16-054
DP-16-055
DP-16-056
DP-16-057
DP-16-058
DP-16-059
DP-16-060
DP-16-061
DP-16-A01
DP-16-A02
DP-16-A03
DP-16-A04
DP-16-A05
DP-16-A06
DP-16-A07
DP-17
DP-17-001
DP-17-002
DP-17-003
DP-17-004
DP-17-005
DP-17-006
DP-17-007
DP-17-008
DP-17-009
DP-17-010
DP-17-011
DP-17-012
DP-17-013
DP-17-014
DP-17-015
DP-17-016
DP-17-017
DP-17-018
DP-17-019
DP-17-020
DP-17-021
DP-17-022
DP-17-023
DP-17-024
DP-17-025
DP-17-026
DP-17-027
DP-17-028
DP-17-029
DP-17-030
DP-17-031
DP-17-032
DP-17-033
DP-17-034
DP-17-035
DP-17-036
DP-17-037
DP-17-038
DP-17-039
DP-17-040
DP-17-041
DP-17-042
DP-17-043
DP-17-044
DP-17-045
DP-17-046
DP-17-A01
DP-17-A02
DP-17-A03
DP-17-A04
DP-17-A05
DP-18
DP-18-001
DP-18-002
DP-18-003
DP-18-004
DP-18-005
DP-18-006
DP-18-007
DP-18-008
DP-18-009
DP-18-010
DP-18-011
DP-18-012
DP-18-013
DP-18-014
DP-18-015
DP-18-016
DP-18-017
DP-18-018
DP-18-019
DP-18-020
DP-18-021
DP-18-022
DP-18-023
DP-18-024
DP-18-025
DP-18-026
DP-18-027
DP-18-028
DP-18-029
DP-18-030
DP-18-031
DP-18-032
DP-18-033
DP-18-034
DP-18-035
DP-18-036
DP-18-037
DP-18-038
DP-18-039
DP-18-A01
DP-18-A02
DP-18-A03
DP-18-A04
DP-18-A05
DP-19
DP-19-001
DP-19-002
DP-19-003
DP-19-004
DP-19-005
DP-19-006
DP-19-007
DP-19-008
DP-19-009
DP-19-010
DP-19-011
DP-19-012
DP-19-013
DP-19-014
DP-19-015
DP-19-016
DP-19-017
DP-19-018
DP-19-019
DP-19-020
DP-19-021
DP-19-022
DP-19-023
DP-19-024
DP-19-025
DP-19-026
DP-19-027
DP-19-028
DP-19-029
DP-19-030
DP-19-031
DP-19-032
DP-19-033
DP-19-034
DP-19-035
DP-19-036
DP-19-037
DP-19-038
DP-19-039
DP-19-040
DP-19-041
DP-19-042
DP-19-043
DP-19-044
DP-19-045
DP-19-046
DP-19-047
DP-19-048
DP-19-049
DP-19-050
DP-19-051
DP-19-052
DP-19-053
DP-19-054
DP-19-A01
DP-19-A02
DP-19-A03
DP-19-A04
DP-19-A05
DP-20
DP-20-001
DP-20-002
DP-20-003
DP-20-004
DP-20-005
DP-20-006
DP-20-007
DP-20-008
DP-20-009
DP-20-010
DP-20-011
DP-20-012
DP-20-013
DP-20-014
DP-20-015
DP-20-016
DP-20-017
DP-20-018
DP-20-019
DP-20-020
DP-20-021
DP-20-022
DP-20-023
DP-20-024
DP-20-025
DP-20-026
DP-20-027
DP-20-028
DP-20-029
DP-20-030
DP-20-031
DP-20-032
DP-20-033
DP-20-034
DP-20-035
DP-20-036
DP-20-037
DP-20-038
DP-20-039
DP-20-A01
DP-20-A02
DP-20-A03
DP-20-A04
DP-20-A05
DP-21
DP-21-001
DP-21-002
DP-21-003
DP-21-004
DP-21-005
DP-21-006
DP-21-007
DP-21-008
DP-21-009
DP-21-010
DP-21-011
DP-21-012
DP-21-013
DP-21-014
DP-21-015
DP-21-016
DP-21-017
DP-21-018
DP-21-019
DP-21-020
DP-21-021
DP-21-022
DP-21-023
DP-21-024
DP-21-025
DP-21-026
DP-21-027
DP-21-028
DP-21-029
DP-21-030
DP-21-031
DP-21-032
DP-21-033
DP-21-034
DP-21-035
DP-21-036
DP-21-037
DP-21-038
DP-21-039
DP-21-040
DP-21-041
DP-21-042
DP-21-043
DP-21-044
DP-21-045
DP-21-046
DP-21-047
DP-21-048
DP-21-049
DP-21-050
DP-21-051
DP-21-052
DP-21-053
DP-21-054
DP-21-055
DP-21-A01
DP-21-A02
DP-21-A03
DP-21-A04
DP-21-A05
DP-21-A06
MOD-0001
