# ID registry lock — APPEND-ONLY.
#
# Every identifier ever issued by this corpus. `npm run validate` fails if any
# of these disappears from content/taxonomy/skeleton.yaml, because a credential
# attesting an ID must resolve to the same element forever. Deprecate and
# supersede elements; never rename or delete them.
#
# Regenerate with: npm run registry:sync

CM-01
CM-01-001
CM-01-002
CM-01-003
CM-01-004
CM-01-005
CM-01-006
CM-01-007
CM-01-008
CM-01-009
CM-01-010
CM-01-011
CM-01-012
CM-01-013
CM-01-014
CM-01-015
CM-01-016
CM-01-017
CM-01-018
CM-01-019
CM-01-020
CM-01-021
CM-01-022
CM-01-023
CM-01-024
CM-01-025
CM-01-026
CM-01-027
CM-01-028
CM-01-029
CM-01-030
CM-01-031
CM-01-032
CM-01-033
CM-01-034
CM-01-035
CM-01-036
CM-01-037
CM-01-038
CM-01-039
CM-01-040
CM-01-041
CM-01-042
CM-01-043
CM-01-044
CM-01-045
CM-01-046
CM-01-A01
CM-01-A02
CM-01-A03
CM-01-A04
CM-01-A05
CM-01-A06
CM-02
CM-02-001
CM-02-002
CM-02-003
CM-02-004
CM-02-005
CM-02-006
CM-02-007
CM-02-008
CM-02-009
CM-02-010
CM-02-011
CM-02-012
CM-02-013
CM-02-014
CM-02-015
CM-02-016
CM-02-017
CM-02-018
CM-02-019
CM-02-020
CM-02-021
CM-02-022
CM-02-023
CM-02-024
CM-02-025
CM-02-026
CM-02-027
CM-02-028
CM-02-029
CM-02-030
CM-02-031
CM-02-032
CM-02-033
CM-02-034
CM-02-035
CM-02-036
CM-02-037
CM-02-038
CM-02-039
CM-02-040
CM-02-041
CM-02-042
CM-02-043
CM-02-044
CM-02-045
CM-02-046
CM-02-A01
CM-02-A02
CM-02-A03
CM-02-A04
CM-02-A05
CM-02-A06
CM-03
CM-03-001
CM-03-002
CM-03-003
CM-03-004
CM-03-005
CM-03-006
CM-03-007
CM-03-008
CM-03-009
CM-03-010
CM-03-011
CM-03-012
CM-03-013
CM-03-014
CM-03-015
CM-03-016
CM-03-017
CM-03-018
CM-03-019
CM-03-020
CM-03-021
CM-03-022
CM-03-023
CM-03-024
CM-03-025
CM-03-026
CM-03-027
CM-03-028
CM-03-029
CM-03-030
CM-03-031
CM-03-032
CM-03-033
CM-03-034
CM-03-035
CM-03-036
CM-03-037
CM-03-038
CM-03-039
CM-03-040
CM-03-041
CM-03-042
CM-03-043
CM-03-044
CM-03-045
CM-03-046
CM-03-047
CM-03-048
CM-03-049
CM-03-050
CM-03-051
CM-03-052
CM-03-053
CM-03-054
CM-03-055
CM-03-056
CM-03-057
CM-03-058
CM-03-059
CM-03-060
CM-03-061
CM-03-062
CM-03-063
CM-03-064
CM-03-065
CM-03-066
CM-03-067
CM-03-068
CM-03-069
CM-03-070
CM-03-071
CM-03-072
CM-03-073
CM-03-074
CM-03-075
CM-03-076
CM-03-077
CM-03-078
CM-03-079
CM-03-080
CM-03-081
CM-03-082
CM-03-083
CM-03-084
CM-03-085
CM-03-086
CM-03-087
CM-03-088
CM-03-089
CM-03-090
CM-03-091
CM-03-092
CM-03-093
CM-03-094
CM-03-095
CM-03-096
CM-03-097
CM-03-098
CM-03-099
CM-03-100
CM-03-101
CM-03-102
CM-03-103
CM-03-104
CM-03-A01
CM-03-A02
CM-03-A03
CM-03-A04
CM-03-A05
CM-03-A06
CM-03-A07
CM-03-A08
CM-03-A09
CM-03-A10
CM-04
CM-04-001
CM-04-002
CM-04-003
CM-04-004
CM-04-005
CM-04-006
CM-04-007
CM-04-008
CM-04-009
CM-04-010
CM-04-011
CM-04-012
CM-04-013
CM-04-014
CM-04-015
CM-04-016
CM-04-017
CM-04-018
CM-04-019
CM-04-020
CM-04-021
CM-04-022
CM-04-023
CM-04-024
CM-04-025
CM-04-026
CM-04-027
CM-04-028
CM-04-029
CM-04-030
CM-04-031
CM-04-032
CM-04-033
CM-04-034
CM-04-035
CM-04-036
CM-04-037
CM-04-038
CM-04-039
CM-04-040
CM-04-041
CM-04-042
CM-04-043
CM-04-044
CM-04-045
CM-04-046
CM-04-047
CM-04-048
CM-04-049
CM-04-A01
CM-04-A02
CM-04-A03
CM-04-A04
CM-04-A05
CM-04-A06
CM-05
CM-05-001
CM-05-002
CM-05-003
CM-05-004
CM-05-005
CM-05-006
CM-05-007
CM-05-008
CM-05-009
CM-05-010
CM-05-011
CM-05-012
CM-05-013
CM-05-014
CM-05-015
CM-05-016
CM-05-017
CM-05-018
CM-05-019
CM-05-020
CM-05-021
CM-05-022
CM-05-023
CM-05-024
CM-05-025
CM-05-026
CM-05-027
CM-05-028
CM-05-029
CM-05-030
CM-05-031
CM-05-032
CM-05-033
CM-05-034
CM-05-035
CM-05-036
CM-05-037
CM-05-038
CM-05-039
CM-05-040
CM-05-041
CM-05-042
CM-05-043
CM-05-044
CM-05-045
CM-05-046
CM-05-047
CM-05-048
CM-05-049
CM-05-050
CM-05-051
CM-05-052
CM-05-053
CM-05-054
CM-05-055
CM-05-056
CM-05-057
CM-05-058
CM-05-059
CM-05-060
CM-05-061
CM-05-062
CM-05-063
CM-05-064
CM-05-065
CM-05-066
CM-05-067
CM-05-068
CM-05-069
CM-05-070
CM-05-071
CM-05-072
CM-05-073
CM-05-074
CM-05-075
CM-05-076
CM-05-077
CM-05-078
CM-05-079
CM-05-080
CM-05-081
CM-05-082
CM-05-083
CM-05-084
CM-05-085
CM-05-086
CM-05-087
CM-05-088
CM-05-089
CM-05-A01
CM-05-A02
CM-05-A03
CM-05-A04
CM-05-A05
CM-05-A06
CM-05-A07
CM-05-A08
CM-05-A09
CM-05-A10
CM-05-A11
CM-06
CM-06-001
CM-06-002
CM-06-003
CM-06-004
CM-06-005
CM-06-006
CM-06-007
CM-06-008
CM-06-009
CM-06-010
CM-06-011
CM-06-012
CM-06-013
CM-06-014
CM-06-015
CM-06-016
CM-06-017
CM-06-018
CM-06-019
CM-06-020
CM-06-021
CM-06-022
CM-06-023
CM-06-024
CM-06-025
CM-06-026
CM-06-027
CM-06-028
CM-06-029
CM-06-030
CM-06-031
CM-06-032
CM-06-033
CM-06-034
CM-06-035
CM-06-036
CM-06-037
CM-06-038
CM-06-039
CM-06-040
CM-06-041
CM-06-042
CM-06-043
CM-06-044
CM-06-045
CM-06-046
CM-06-047
CM-06-048
CM-06-049
CM-06-050
CM-06-051
CM-06-052
CM-06-053
CM-06-054
CM-06-055
CM-06-056
CM-06-057
CM-06-058
CM-06-059
CM-06-060
CM-06-061
CM-06-062
CM-06-A01
CM-06-A02
CM-06-A03
CM-06-A04
CM-06-A05
CM-06-A06
CM-06-A07
CM-06-A08
CM-07
CM-07-001
CM-07-002
CM-07-003
CM-07-004
CM-07-005
CM-07-006
CM-07-007
CM-07-008
CM-07-009
CM-07-010
CM-07-011
CM-07-012
CM-07-013
CM-07-014
CM-07-015
CM-07-016
CM-07-017
CM-07-018
CM-07-019
CM-07-020
CM-07-021
CM-07-022
CM-07-023
CM-07-024
CM-07-025
CM-07-026
CM-07-027
CM-07-028
CM-07-029
CM-07-030
CM-07-031
CM-07-032
CM-07-033
CM-07-034
CM-07-035
CM-07-036
CM-07-037
CM-07-038
CM-07-039
CM-07-040
CM-07-A01
CM-07-A02
CM-07-A03
CM-07-A04
CM-07-A05
CM-07-A06
CM-08
CM-08-001
CM-08-002
CM-08-003
CM-08-004
CM-08-005
CM-08-006
CM-08-007
CM-08-008
CM-08-009
CM-08-010
CM-08-011
CM-08-012
CM-08-013
CM-08-014
CM-08-015
CM-08-016
CM-08-017
CM-08-018
CM-08-019
CM-08-020
CM-08-021
CM-08-022
CM-08-023
CM-08-024
CM-08-025
CM-08-026
CM-08-027
CM-08-028
CM-08-029
CM-08-030
CM-08-031
CM-08-032
CM-08-033
CM-08-034
CM-08-035
CM-08-036
CM-08-037
CM-08-038
CM-08-039
CM-08-040
CM-08-041
CM-08-042
CM-08-043
CM-08-044
CM-08-045
CM-08-046
CM-08-A01
CM-08-A02
CM-08-A03
CM-08-A04
CM-08-A05
CM-08-A06
CM-09
CM-09-001
CM-09-002
CM-09-003
CM-09-004
CM-09-005
CM-09-006
CM-09-007
CM-09-008
CM-09-009
CM-09-010
CM-09-011
CM-09-012
CM-09-013
CM-09-014
CM-09-015
CM-09-016
CM-09-017
CM-09-018
CM-09-019
CM-09-020
CM-09-021
CM-09-022
CM-09-023
CM-09-024
CM-09-025
CM-09-026
CM-09-027
CM-09-028
CM-09-029
CM-09-030
CM-09-031
CM-09-032
CM-09-033
CM-09-034
CM-09-035
CM-09-036
CM-09-037
CM-09-038
CM-09-A01
CM-09-A02
CM-09-A03
CM-09-A04
CM-09-A05
CM-10
CM-10-001
CM-10-002
CM-10-003
CM-10-004
CM-10-005
CM-10-006
CM-10-007
CM-10-008
CM-10-009
CM-10-010
CM-10-011
CM-10-012
CM-10-013
CM-10-014
CM-10-015
CM-10-016
CM-10-017
CM-10-018
CM-10-019
CM-10-020
CM-10-021
CM-10-022
CM-10-023
CM-10-024
CM-10-025
CM-10-026
CM-10-027
CM-10-028
CM-10-029
CM-10-030
CM-10-031
CM-10-032
CM-10-033
CM-10-034
CM-10-035
CM-10-036
CM-10-037
CM-10-038
CM-10-039
CM-10-040
CM-10-041
CM-10-042
CM-10-043
CM-10-044
CM-10-045
CM-10-046
CM-10-047
CM-10-048
CM-10-049
CM-10-050
CM-10-051
CM-10-052
CM-10-053
CM-10-054
CM-10-055
CM-10-A01
CM-10-A02
CM-10-A03
CM-10-A04
CM-10-A05
CM-10-A06
CM-11
CM-11-001
CM-11-002
CM-11-003
CM-11-004
CM-11-005
CM-11-006
CM-11-007
CM-11-008
CM-11-009
CM-11-010
CM-11-011
CM-11-012
CM-11-013
CM-11-014
CM-11-015
CM-11-016
CM-11-017
CM-11-018
CM-11-019
CM-11-020
CM-11-021
CM-11-022
CM-11-023
CM-11-024
CM-11-025
CM-11-026
CM-11-027
CM-11-028
CM-11-029
CM-11-030
CM-11-031
CM-11-032
CM-11-033
CM-11-034
CM-11-035
CM-11-036
CM-11-037
CM-11-038
CM-11-039
CM-11-040
CM-11-041
CM-11-042
CM-11-043
CM-11-044
CM-11-045
CM-11-046
CM-11-047
CM-11-048
CM-11-A01
CM-11-A02
CM-11-A03
CM-11-A04
CM-11-A05
CM-11-A06
CM-12
CM-12-001
CM-12-002
CM-12-003
CM-12-004
CM-12-005
CM-12-006
CM-12-007
CM-12-008
CM-12-009
CM-12-010
CM-12-011
CM-12-012
CM-12-013
CM-12-014
CM-12-015
CM-12-016
CM-12-017
CM-12-018
CM-12-019
CM-12-020
CM-12-021
CM-12-022
CM-12-023
CM-12-024
CM-12-025
CM-12-026
CM-12-027
CM-12-028
CM-12-029
CM-12-030
CM-12-031
CM-12-032
CM-12-033
CM-12-034
CM-12-035
CM-12-036
CM-12-037
CM-12-038
CM-12-039
CM-12-040
CM-12-041
CM-12-A01
CM-12-A02
CM-12-A03
CM-12-A04
CM-12-A05
CM-13
CM-13-001
CM-13-002
CM-13-003
CM-13-004
CM-13-005
CM-13-006
CM-13-007
CM-13-008
CM-13-009
CM-13-010
CM-13-011
CM-13-012
CM-13-013
CM-13-014
CM-13-015
CM-13-016
CM-13-017
CM-13-018
CM-13-019
CM-13-020
CM-13-021
CM-13-022
CM-13-023
CM-13-024
CM-13-025
CM-13-026
CM-13-027
CM-13-028
CM-13-029
CM-13-030
CM-13-031
CM-13-032
CM-13-033
CM-13-034
CM-13-035
CM-13-036
CM-13-037
CM-13-038
CM-13-039
CM-13-040
CM-13-041
CM-13-042
CM-13-043
CM-13-044
CM-13-045
CM-13-046
CM-13-047
CM-13-048
CM-13-049
CM-13-050
CM-13-051
CM-13-052
CM-13-053
CM-13-054
CM-13-A01
CM-13-A02
CM-13-A03
CM-13-A04
CM-13-A05
CM-13-A06
CM-14
CM-14-001
CM-14-002
CM-14-003
CM-14-004
CM-14-005
CM-14-006
CM-14-007
CM-14-008
CM-14-009
CM-14-010
CM-14-011
CM-14-012
CM-14-013
CM-14-014
CM-14-015
CM-14-016
CM-14-017
CM-14-018
CM-14-019
CM-14-020
CM-14-021
CM-14-022
CM-14-023
CM-14-024
CM-14-025
CM-14-026
CM-14-027
CM-14-028
CM-14-029
CM-14-030
CM-14-031
CM-14-032
CM-14-033
CM-14-034
CM-14-035
CM-14-036
CM-14-037
CM-14-038
CM-14-039
CM-14-040
CM-14-041
CM-14-042
CM-14-043
CM-14-044
CM-14-045
CM-14-046
CM-14-047
CM-14-048
CM-14-049
CM-14-050
CM-14-051
CM-14-052
CM-14-053
CM-14-A01
CM-14-A02
CM-14-A03
CM-14-A04
CM-14-A05
CM-14-A06
CM-15
CM-15-001
CM-15-002
CM-15-003
CM-15-004
CM-15-005
CM-15-006
CM-15-007
CM-15-008
CM-15-009
CM-15-010
CM-15-011
CM-15-012
CM-15-013
CM-15-014
CM-15-015
CM-15-016
CM-15-017
CM-15-018
CM-15-019
CM-15-020
CM-15-021
CM-15-022
CM-15-023
CM-15-024
CM-15-025
CM-15-026
CM-15-027
CM-15-028
CM-15-029
CM-15-030
CM-15-031
CM-15-032
CM-15-033
CM-15-034
CM-15-035
CM-15-036
CM-15-037
CM-15-038
CM-15-039
CM-15-040
CM-15-041
CM-15-042
CM-15-043
CM-15-044
CM-15-045
CM-15-A01
CM-15-A02
CM-15-A03
CM-15-A04
CM-15-A05
CM-15-A06
CM-16
CM-16-001
CM-16-002
CM-16-003
CM-16-004
CM-16-005
CM-16-006
CM-16-007
CM-16-008
CM-16-009
CM-16-010
CM-16-011
CM-16-012
CM-16-013
CM-16-014
CM-16-015
CM-16-016
CM-16-017
CM-16-018
CM-16-019
CM-16-020
CM-16-021
CM-16-022
CM-16-023
CM-16-024
CM-16-025
CM-16-026
CM-16-027
CM-16-028
CM-16-029
CM-16-030
CM-16-031
CM-16-032
CM-16-033
CM-16-034
CM-16-035
CM-16-036
CM-16-037
CM-16-A01
CM-16-A02
CM-16-A03
CM-16-A04
CM-16-A05
CM-17
CM-17-001
CM-17-002
CM-17-003
CM-17-004
CM-17-005
CM-17-006
CM-17-007
CM-17-008
CM-17-009
CM-17-010
CM-17-011
CM-17-012
CM-17-013
CM-17-014
CM-17-015
CM-17-016
CM-17-017
CM-17-018
CM-17-019
CM-17-020
CM-17-021
CM-17-022
CM-17-023
CM-17-024
CM-17-025
CM-17-026
CM-17-027
CM-17-028
CM-17-029
CM-17-030
CM-17-031
CM-17-032
CM-17-033
CM-17-034
CM-17-035
CM-17-036
CM-17-037
CM-17-038
CM-17-039
CM-17-A01
CM-17-A02
CM-17-A03
CM-17-A04
CM-17-A05
CM-18
CM-18-001
CM-18-002
CM-18-003
CM-18-004
CM-18-005
CM-18-006
CM-18-007
CM-18-008
CM-18-009
CM-18-010
CM-18-011
CM-18-012
CM-18-013
CM-18-014
CM-18-015
CM-18-016
CM-18-017
CM-18-018
CM-18-019
CM-18-020
CM-18-021
CM-18-022
CM-18-023
CM-18-024
CM-18-025
CM-18-026
CM-18-027
CM-18-028
CM-18-029
CM-18-030
CM-18-031
CM-18-032
CM-18-033
CM-18-034
CM-18-035
CM-18-036
CM-18-037
CM-18-038
CM-18-039
CM-18-040
CM-18-041
CM-18-042
CM-18-043
CM-18-044
CM-18-045
CM-18-046
CM-18-A01
CM-18-A02
CM-18-A03
CM-18-A04
CM-18-A05
CM-18-A06
CM-19
CM-19-001
CM-19-002
CM-19-003
CM-19-004
CM-19-005
CM-19-006
CM-19-007
CM-19-008
CM-19-009
CM-19-010
CM-19-011
CM-19-012
CM-19-013
CM-19-014
CM-19-015
CM-19-016
CM-19-017
CM-19-018
CM-19-019
CM-19-020
CM-19-021
CM-19-022
CM-19-023
CM-19-024
CM-19-025
CM-19-026
CM-19-027
CM-19-028
CM-19-029
CM-19-030
CM-19-031
CM-19-032
CM-19-033
CM-19-034
CM-19-035
CM-19-036
CM-19-037
CM-19-038
CM-19-039
CM-19-040
CM-19-041
CM-19-042
CM-19-043
CM-19-044
CM-19-045
CM-19-046
CM-19-047
CM-19-048
CM-19-A01
CM-19-A02
CM-19-A03
CM-19-A04
CM-19-A05
CM-19-A06
CM-20
CM-20-001
CM-20-002
CM-20-003
CM-20-004
CM-20-005
CM-20-006
CM-20-007
CM-20-008
CM-20-009
CM-20-010
CM-20-011
CM-20-012
CM-20-013
CM-20-014
CM-20-015
CM-20-016
CM-20-017
CM-20-018
CM-20-019
CM-20-020
CM-20-021
CM-20-022
CM-20-023
CM-20-024
CM-20-025
CM-20-026
CM-20-027
CM-20-028
CM-20-029
CM-20-030
CM-20-031
CM-20-032
CM-20-033
CM-20-034
CM-20-035
CM-20-A01
CM-20-A02
CM-20-A03
CM-20-A04
CM-20-A05
CM-21
CM-21-001
CM-21-002
CM-21-003
CM-21-004
CM-21-005
CM-21-006
CM-21-007
CM-21-008
CM-21-009
CM-21-010
CM-21-011
CM-21-012
CM-21-013
CM-21-014
CM-21-015
CM-21-016
CM-21-017
CM-21-018
CM-21-019
CM-21-020
CM-21-021
CM-21-022
CM-21-023
CM-21-024
CM-21-025
CM-21-026
CM-21-027
CM-21-028
CM-21-029
CM-21-030
CM-21-031
CM-21-032
CM-21-033
CM-21-034
CM-21-035
CM-21-036
CM-21-037
CM-21-038
CM-21-039
CM-21-040
CM-21-041
CM-21-042
CM-21-043
CM-21-044
CM-21-045
CM-21-046
CM-21-047
CM-21-A01
CM-21-A02
CM-21-A03
CM-21-A04
CM-21-A05
CM-21-A06
CM-22
CM-22-001
CM-22-002
CM-22-003
CM-22-004
CM-22-005
CM-22-006
CM-22-007
CM-22-008
CM-22-009
CM-22-010
CM-22-011
CM-22-012
CM-22-013
CM-22-014
CM-22-015
CM-22-016
CM-22-017
CM-22-018
CM-22-019
CM-22-020
CM-22-021
CM-22-022
CM-22-023
CM-22-024
CM-22-025
CM-22-026
CM-22-027
CM-22-028
CM-22-029
CM-22-030
CM-22-031
CM-22-032
CM-22-033
CM-22-034
CM-22-035
CM-22-036
CM-22-037
CM-22-038
CM-22-039
CM-22-040
CM-22-A01
CM-22-A02
CM-22-A03
CM-22-A04
CM-22-A05
